<?xml version="1.0" encoding="utf-8"?>
<Project ToolsVersion="4.0" xmlns="http://schemas.microsoft.com/developer/msbuild/2003">
  <ItemGroup>
    <ClCompile Include="VS1DTexSampler.cpp">
      <Filter>Matreial\ShaderFunction</Filter>
    </ClCompile>
    <ClCompile Include="VS2DTexSampler.cpp">
      <Filter>Matreial\ShaderFunction</Filter>
    </ClCompile>
    <ClCompile Include="VSAIState.cpp">
      <Filter>World\AI</Filter>
    </ClCompile>
    <ClCompile Include="VSAnimAtom.cpp">
      <Filter>Controller\AnimTree</Filter>
    </ClCompile>
    <ClCompile Include="VSAnimBaseFunction.cpp">
      <Filter>Controller\AnimTree</Filter>
    </ClCompile>
    <ClCompile Include="VSAnimBlendFunction.cpp">
      <Filter>Controller\AnimTree</Filter>
    </ClCompile>
    <ClCompile Include="VSAnimFunction.cpp">
      <Filter>Controller\AnimTree</Filter>
    </ClCompile>
    <ClCompile Include="VSAnimMainFunction.cpp">
      <Filter>Controller\AnimTree</Filter>
    </ClCompile>
    <ClCompile Include="VSAnimSequenceFunc.cpp">
      <Filter>Controller\AnimTree</Filter>
    </ClCompile>
    <ClCompile Include="VSAnimSet.cpp">
      <Filter>Controller\AnimTree</Filter>
    </ClCompile>
    <ClCompile Include="VSAnimTree.cpp">
      <Filter>Controller\AnimTree</Filter>
    </ClCompile>
    <ClCompile Include="VSCameraShaderFunction.cpp">
      <Filter>Matreial\ShaderFunction</Filter>
    </ClCompile>
    <ClCompile Include="VSArithmeticShaderFunction.cpp">
      <Filter>Matreial\ShaderFunction</Filter>
    </ClCompile>
    <ClCompile Include="VSAnisotropicWardShaderFunction.cpp">
      <Filter>Matreial\ShaderFunction</Filter>
    </ClCompile>
    <ClCompile Include="VSActor.cpp">
      <Filter>World\Actor</Filter>
    </ClCompile>
    <ClCompile Include="VSBind.cpp">
      <Filter>Render</Filter>
    </ClCompile>
    <ClCompile Include="VSCameraActor.cpp">
      <Filter>World\Actor</Filter>
    </ClCompile>
    <ClCompile Include="VSASYNLoader.cpp">
      <Filter>Asyn</Filter>
    </ClCompile>
    <ClCompile Include="VS1stCameraController.cpp">
      <Filter>Controller</Filter>
    </ClCompile>
    <ClCompile Include="VSController.cpp">
      <Filter>Controller</Filter>
    </ClCompile>
    <ClCompile Include="VSConstFloatValue.cpp">
      <Filter>Matreial\ShaderFunction</Filter>
    </ClCompile>
    <ClCompile Include="VSConstValue.cpp">
      <Filter>Matreial\ShaderFunction</Filter>
    </ClCompile>
    <ClCompile Include="VSCookTorranceShaderFunction.cpp">
      <Filter>Matreial\ShaderFunction</Filter>
    </ClCompile>
    <ClCompile Include="VSCustomShaderFunction.cpp">
      <Filter>Matreial\ShaderFunction</Filter>
    </ClCompile>
    <ClCompile Include="VSDebugDraw.cpp">
      <Filter>Render</Filter>
    </ClCompile>
    <ClCompile Include="VSCustomArchiveObject.cpp">
      <Filter>Core\Stream</Filter>
    </ClCompile>
    <ClCompile Include="VSEngineThread.cpp">
      <Filter>Asyn</Filter>
    </ClCompile>
    <ClCompile Include="VSEditorProperty.cpp">
      <Filter>Core\Stream</Filter>
    </ClCompile>
    <ClCompile Include="VSEnumTrans.cpp">
      <Filter>Core\Stream</Filter>
    </ClCompile>
    <ClCompile Include="VSFreeCameraController.cpp">
      <Filter>Controller</Filter>
    </ClCompile>
    <ClCompile Include="VSGeometry.cpp">
      <Filter>Node</Filter>
    </ClCompile>
    <ClCompile Include="VSGeometryNode.cpp">
      <Filter>Node</Filter>
    </ClCompile>
    <ClCompile Include="VSIsotropicWardShaderFunction.cpp">
      <Filter>Matreial\ShaderFunction</Filter>
    </ClCompile>
    <ClCompile Include="VSLightActor.cpp">
      <Filter>World\Actor</Filter>
    </ClCompile>
    <ClCompile Include="VSLightShaderFunction.cpp">
      <Filter>Matreial\ShaderFunction</Filter>
    </ClCompile>
    <ClCompile Include="VSLightFunPass.cpp">
      <Filter>Pass</Filter>
    </ClCompile>
    <ClCompile Include="VSIndirectRenderPass.cpp">
      <Filter>Pass</Filter>
    </ClCompile>
    <ClCompile Include="VSMeshNode.cpp">
      <Filter>Node</Filter>
    </ClCompile>
    <ClCompile Include="VSMinnaertShaderFunction.cpp">
      <Filter>Matreial\ShaderFunction</Filter>
    </ClCompile>
    <ClCompile Include="VSMaterialPass.cpp">
      <Filter>Pass</Filter>
    </ClCompile>
    <ClCompile Include="VSMorphBaseFunction.cpp">
      <Filter>Controller\Morph</Filter>
    </ClCompile>
    <ClCompile Include="VSMorphFunction.cpp">
      <Filter>Controller\Morph</Filter>
    </ClCompile>
    <ClCompile Include="VSMorphMainFunction.cpp">
      <Filter>Controller\Morph</Filter>
    </ClCompile>
    <ClCompile Include="VSMorphSequenceFunc.cpp">
      <Filter>Controller\Morph</Filter>
    </ClCompile>
    <ClCompile Include="VSMorphSet.cpp">
      <Filter>Controller\Morph</Filter>
    </ClCompile>
    <ClCompile Include="VSMorphTree.cpp">
      <Filter>Controller\Morph</Filter>
    </ClCompile>
    <ClCompile Include="VSNormalDepthPass.cpp">
      <Filter>Pass</Filter>
    </ClCompile>
    <ClCompile Include="VSMonitor.cpp">
      <Filter>Asyn</Filter>
    </ClCompile>
    <ClCompile Include="VSName.cpp">
      <Filter>Core</Filter>
    </ClCompile>
    <ClCompile Include="VSNode.cpp">
      <Filter>Node</Filter>
    </ClCompile>
    <ClCompile Include="VSNormalFunction.cpp">
      <Filter>Matreial\ShaderFunction</Filter>
    </ClCompile>
    <ClCompile Include="VSOrenNayarShaderFunction.cpp">
      <Filter>Matreial\ShaderFunction</Filter>
    </ClCompile>
    <ClCompile Include="VSPartialAnimBlend.cpp">
      <Filter>Controller\AnimTree</Filter>
    </ClCompile>
    <ClCompile Include="VSOneParamAnimBlend.cpp">
      <Filter>Controller\AnimTree</Filter>
    </ClCompile>
    <ClCompile Include="VSPEEndFunction.cpp">
      <Filter>PostEffect</Filter>
    </ClCompile>
    <ClCompile Include="VSPEBeginFunction.cpp">
      <Filter>PostEffect</Filter>
    </ClCompile>
    <ClCompile Include="VSObject.cpp">
      <Filter>Core</Filter>
    </ClCompile>
    <ClCompile Include="VSMain.cpp">
      <Filter>Core</Filter>
    </ClCompile>
    <ClCompile Include="VSPEGray.cpp">
      <Filter>PostEffect</Filter>
    </ClCompile>
    <ClCompile Include="VSPass.cpp">
      <Filter>Pass</Filter>
    </ClCompile>
    <ClCompile Include="VSPhoneShaderFunction.cpp">
      <Filter>Matreial\ShaderFunction</Filter>
    </ClCompile>
    <ClCompile Include="VSPosShaderFunction.cpp">
      <Filter>Matreial\ShaderFunction</Filter>
    </ClCompile>
    <ClCompile Include="VSPostEffectFunction.cpp">
      <Filter>PostEffect</Filter>
    </ClCompile>
    <ClCompile Include="VSPostEffectSet.cpp">
      <Filter>PostEffect</Filter>
    </ClCompile>
    <ClCompile Include="VSPrezPass.cpp">
      <Filter>Pass</Filter>
    </ClCompile>
    <ClCompile Include="VSPutNode.cpp">
      <Filter>Core</Filter>
    </ClCompile>
    <ClCompile Include="VSRenderer.cpp">
      <Filter>Render</Filter>
    </ClCompile>
    <ClCompile Include="VSResource.cpp">
      <Filter>Core</Filter>
    </ClCompile>
    <ClCompile Include="VSReference.cpp">
      <Filter>Core</Filter>
    </ClCompile>
    <ClCompile Include="VSPriority.cpp">
      <Filter>Core</Filter>
    </ClCompile>
    <ClCompile Include="VSRtti.cpp">
      <Filter>Core</Filter>
    </ClCompile>
    <ClCompile Include="VSRectAnimBlend.cpp">
      <Filter>Controller\AnimTree</Filter>
    </ClCompile>
    <ClCompile Include="VSRenderThread.cpp">
      <Filter>Asyn</Filter>
    </ClCompile>
    <ClCompile Include="VSShaderFunction.cpp">
      <Filter>Matreial\ShaderFunction</Filter>
    </ClCompile>
    <ClCompile Include="VSSchlickShaderFunction.cpp">
      <Filter>Matreial\ShaderFunction</Filter>
    </ClCompile>
    <ClCompile Include="VSShirleyShaderFunction.cpp">
      <Filter>Matreial\ShaderFunction</Filter>
    </ClCompile>
    <ClCompile Include="VSShadowPass.cpp">
      <Filter>Pass</Filter>
    </ClCompile>
    <ClCompile Include="VSResourceManager.cpp">
      <Filter>Core</Filter>
    </ClCompile>
    <ClCompile Include="VSNVCompression.cpp">
      <Filter>Core</Filter>
    </ClCompile>
    <ClCompile Include="VSShaderMainFunction.cpp">
      <Filter>Matreial\ShaderFunction</Filter>
    </ClCompile>
    <ClCompile Include="VSMaterial.cpp">
      <Filter>Matreial</Filter>
    </ClCompile>
    <ClCompile Include="VSShaderStringFactory.cpp">
      <Filter>Matreial</Filter>
    </ClCompile>
    <ClCompile Include="VSStaticActor.cpp">
      <Filter>World\Actor</Filter>
    </ClCompile>
    <ClCompile Include="VSSwitchNode.cpp">
      <Filter>Node</Filter>
    </ClCompile>
    <ClCompile Include="VSTexSampler.cpp">
      <Filter>Matreial\ShaderFunction</Filter>
    </ClCompile>
    <ClCompile Include="VSTransform.cpp">
      <Filter>Core</Filter>
    </ClCompile>
    <ClCompile Include="VSStraussShaderFunction.cpp">
      <Filter>Matreial\ShaderFunction</Filter>
    </ClCompile>
    <ClCompile Include="VSStream.cpp">
      <Filter>Core\Stream</Filter>
    </ClCompile>
    <ClCompile Include="VSTerrainActor.cpp">
      <Filter>World\Actor</Filter>
    </ClCompile>
    <ClCompile Include="VSTimeEvent.cpp">
      <Filter>Controller\AnimTree</Filter>
    </ClCompile>
    <ClCompile Include="VSSteer.cpp">
      <Filter>World\AI</Filter>
    </ClCompile>
    <ClCompile Include="VSUpdateThread.cpp">
      <Filter>Asyn</Filter>
    </ClCompile>
    <ClCompile Include="VSVertexColor.cpp">
      <Filter>Matreial\ShaderFunction</Filter>
    </ClCompile>
    <ClCompile Include="VSTwoParamAnimBlend.cpp">
      <Filter>Controller\AnimTree</Filter>
    </ClCompile>
    <ClCompile Include="VSVariant.cpp">
      <Filter>Core</Filter>
    </ClCompile>
    <ClCompile Include="VSWorld.cpp">
      <Filter>World</Filter>
    </ClCompile>
    <ClCompile Include="VS1DTexture.cpp">
      <Filter>Render\Texture</Filter>
    </ClCompile>
    <ClCompile Include="VS2DTexture.cpp">
      <Filter>Render\Texture</Filter>
    </ClCompile>
    <ClCompile Include="VS3DTexture.cpp">
      <Filter>Render\Texture</Filter>
    </ClCompile>
    <ClCompile Include="VSCubeTexture.cpp">
      <Filter>Render\Texture</Filter>
    </ClCompile>
    <ClCompile Include="VSLight.cpp">
      <Filter>Node\NodeComponent\Light</Filter>
    </ClCompile>
    <ClCompile Include="VSPointLight.cpp">
      <Filter>Node\NodeComponent\Light</Filter>
    </ClCompile>
    <ClCompile Include="VSDirectionLight.cpp">
      <Filter>Node\NodeComponent\Light</Filter>
    </ClCompile>
    <ClCompile Include="VSDepthStencilState.cpp">
      <Filter>Render\RenderState</Filter>
    </ClCompile>
    <ClCompile Include="VSBlendState.cpp">
      <Filter>Render\RenderState</Filter>
    </ClCompile>
    <ClCompile Include="VSRasterizerState.cpp">
      <Filter>Render\RenderState</Filter>
    </ClCompile>
    <ClCompile Include="VSRenderState.cpp">
      <Filter>Render\RenderState</Filter>
    </ClCompile>
    <ClCompile Include="VSSamplerState.cpp">
      <Filter>Render\RenderState</Filter>
    </ClCompile>
    <ClCompile Include="VSSkyLight.cpp">
      <Filter>Node\NodeComponent\Light</Filter>
    </ClCompile>
    <ClCompile Include="VSSpotLight.cpp">
      <Filter>Node\NodeComponent\Light</Filter>
    </ClCompile>
    <ClCompile Include="VSTexAllState.cpp">
      <Filter>Render\Texture</Filter>
    </ClCompile>
    <ClCompile Include="VSTexture.cpp">
      <Filter>Render\Texture</Filter>
    </ClCompile>
    <ClCompile Include="VSVertexBuffer.cpp">
      <Filter>Render\Vertex&amp;&amp;Index</Filter>
    </ClCompile>
    <ClCompile Include="VSVertexFormat.cpp">
      <Filter>Render\Vertex&amp;&amp;Index</Filter>
    </ClCompile>
    <ClCompile Include="VSIndexBuffer.cpp">
      <Filter>Render\Vertex&amp;&amp;Index</Filter>
    </ClCompile>
    <ClCompile Include="VSCaptureTexAllState.cpp">
      <Filter>Render\Texture</Filter>
    </ClCompile>
    <ClCompile Include="VSDataBuffer.cpp">
      <Filter>Render\Vertex&amp;&amp;Index</Filter>
    </ClCompile>
    <ClCompile Include="VSUserConstant.cpp">
      <Filter>Matreial\Shader</Filter>
    </ClCompile>
    <ClCompile Include="VSShader.cpp">
      <Filter>Matreial\Shader</Filter>
    </ClCompile>
    <ClCompile Include="VSShaderKey.cpp">
      <Filter>Matreial\Shader</Filter>
    </ClCompile>
    <ClCompile Include="VSShaderMap.cpp">
      <Filter>Matreial\Shader</Filter>
    </ClCompile>
    <ClCompile Include="VSVShader.cpp">
      <Filter>Matreial\Shader</Filter>
    </ClCompile>
    <ClCompile Include="VSUserSampler.cpp">
      <Filter>Matreial\Shader</Filter>
    </ClCompile>
    <ClCompile Include="VSPShader.cpp">
      <Filter>Matreial\Shader</Filter>
    </ClCompile>
    <ClCompile Include="VSRenderTarget.cpp">
      <Filter>Render\RenderTarget</Filter>
    </ClCompile>
    <ClCompile Include="VSDepthStencil.cpp">
      <Filter>Render\RenderTarget</Filter>
    </ClCompile>
    <ClCompile Include="VSSceneMap.cpp">
      <Filter>World</Filter>
    </ClCompile>
    <ClCompile Include="VSCuller.cpp">
      <Filter>Render\SceneManager</Filter>
    </ClCompile>
    <ClCompile Include="VSScene.cpp">
      <Filter>Render\SceneManager</Filter>
    </ClCompile>
    <ClCompile Include="VSSceneManager.cpp">
      <Filter>Render\SceneManager</Filter>
    </ClCompile>
    <ClCompile Include="VSSpatial.cpp">
      <Filter>Render\SceneManager</Filter>
    </ClCompile>
    <ClCompile Include="VSViewFamily.cpp">
      <Filter>Render\SceneManager</Filter>
    </ClCompile>
    <ClCompile Include="VSSceneRender.cpp">
      <Filter>Render\SceneManager</Filter>
    </ClCompile>
    <ClCompile Include="VSFont.cpp">
      <Filter>Render</Filter>
    </ClCompile>
    <ClCompile Include="VSCLodTerrainGeometry.cpp">
      <Filter>Node\Terrain</Filter>
    </ClCompile>
    <ClCompile Include="VSCLodTerrainNode.cpp">
      <Filter>Node\Terrain</Filter>
    </ClCompile>
    <ClCompile Include="VSDLodTerrainGeometry.cpp">
      <Filter>Node\Terrain</Filter>
    </ClCompile>
    <ClCompile Include="VSDLodTerrainNode.cpp">
      <Filter>Node\Terrain</Filter>
    </ClCompile>
    <ClCompile Include="VSDLodTerrainSwitchNode.cpp">
      <Filter>Node\Terrain</Filter>
    </ClCompile>
    <ClCompile Include="VSMeshDate.cpp">
      <Filter>Node\Mesh</Filter>
    </ClCompile>
    <ClCompile Include="VSLineSet.cpp">
      <Filter>Node\Mesh</Filter>
    </ClCompile>
    <ClCompile Include="VSCreateClodFactory.cpp">
      <Filter>Node\Mesh</Filter>
    </ClCompile>
    <ClCompile Include="VSCollapseRecord.cpp">
      <Filter>Node\Mesh</Filter>
    </ClCompile>
    <ClCompile Include="VSQuadTerrainGeometry.cpp">
      <Filter>Node\Terrain</Filter>
    </ClCompile>
    <ClCompile Include="VSRoamTerrainGemotry.cpp">
      <Filter>Node\Terrain</Filter>
    </ClCompile>
    <ClCompile Include="VSPointSet.cpp">
      <Filter>Node\Mesh</Filter>
    </ClCompile>
    <ClCompile Include="VSOrdinaryTriangleSet.cpp">
      <Filter>Node\Mesh</Filter>
    </ClCompile>
    <ClCompile Include="VSOrdinaryLineSet.cpp">
      <Filter>Node\Mesh</Filter>
    </ClCompile>
    <ClCompile Include="VSTriangleSet.cpp">
      <Filter>Node\Mesh</Filter>
    </ClCompile>
    <ClCompile Include="VSSkelectonActor.cpp">
      <Filter>World\Actor</Filter>
    </ClCompile>
    <ClCompile Include="VSTerrainNode.cpp">
      <Filter>Node\Terrain</Filter>
    </ClCompile>
    <ClCompile Include="VSBoneNode.cpp">
      <Filter>Node\Model</Filter>
    </ClCompile>
    <ClCompile Include="VSStaticMeshNode.cpp">
      <Filter>Node\Model</Filter>
    </ClCompile>
    <ClCompile Include="VSSkelectonMeshNode.cpp">
      <Filter>Node\Model</Filter>
    </ClCompile>
    <ClCompile Include="VSSkelecton.cpp">
      <Filter>Node\Model</Filter>
    </ClCompile>
    <ClCompile Include="VSModelSwitchNode.cpp">
      <Filter>Node\Model</Filter>
    </ClCompile>
    <ClCompile Include="VSModelMeshNode.cpp">
      <Filter>Node\Model</Filter>
    </ClCompile>
    <ClCompile Include="VSDynamicBufferGeometry.cpp">
      <Filter>Node</Filter>
    </ClCompile>
    <ClCompile Include="VSUseBuffer.cpp">
      <Filter>Node</Filter>
    </ClCompile>
    <ClCompile Include="VSNodeComponent.cpp">
      <Filter>Node\NodeComponent</Filter>
    </ClCompile>
    <ClCompile Include="VSCamera.cpp">
      <Filter>Node\NodeComponent</Filter>
    </ClCompile>
    <ClCompile Include="VSMeshComponent.cpp">
      <Filter>Node\NodeComponent</Filter>
    </ClCompile>
    <ClCompile Include="VSStaticMeshComponent.cpp">
      <Filter>Node\NodeComponent</Filter>
    </ClCompile>
    <ClCompile Include="VSSkelectonMeshComponent.cpp">
      <Filter>Node\NodeComponent</Filter>
    </ClCompile>
    <ClCompile Include="VSGraphic.cpp">
      <Filter>Core</Filter>
    </ClCompile>
    <ClCompile Include="VSProfiler.cpp">
      <Filter>Core</Filter>
    </ClCompile>
    <ClCompile Include="VSNullRenderer.cpp">
      <Filter>Render</Filter>
    </ClCompile>
    <ClCompile Include="VSOneParamImmediateAnimBlend.cpp">
      <Filter>Controller\AnimTree</Filter>
    </ClCompile>
    <ClCompile Include="VSOneParamSmoothAnimBlend.cpp">
      <Filter>Controller\AnimTree</Filter>
    </ClCompile>
    <ClCompile Include="VSOneParamSmoothAnimBlendSequence.cpp">
      <Filter>Controller\AnimTree</Filter>
    </ClCompile>
    <ClCompile Include="VSTwoParamAnimBlendSequence.cpp">
      <Filter>Controller\AnimTree</Filter>
    </ClCompile>
    <ClCompile Include="VSSocketNode.cpp">
      <Filter>Node</Filter>
    </ClCompile>
    <ClCompile Include="VSOneParamMorphBlend.cpp">
      <Filter>Controller\Morph</Filter>
    </ClCompile>
    <ClCompile Include="VSMorphBlendFunction.cpp">
      <Filter>Controller\Morph</Filter>
    </ClCompile>
    <ClCompile Include="VSOneParamSmoothMorphBlend.cpp">
      <Filter>Controller\Morph</Filter>
    </ClCompile>
    <ClCompile Include="VSAdditiveBlend.cpp">
      <Filter>Controller\AnimTree</Filter>
    </ClCompile>
    <ClCompile Include="VSPostEffectShaderFunction.cpp">
      <Filter>Matreial\ShaderFunction</Filter>
    </ClCompile>
    <ClCompile Include="VSPostEffectPass.cpp">
      <Filter>Pass</Filter>
    </ClCompile>
    <ClCompile Include="VSPEMaterial.cpp">
      <Filter>PostEffect</Filter>
    </ClCompile>
    <ClCompile Include="VSColorBuffer.cpp">
      <Filter>Matreial\ShaderFunction</Filter>
    </ClCompile>
    <ClCompile Include="VSTexCoord.cpp">
      <Filter>Matreial\ShaderFunction</Filter>
    </ClCompile>
    <ClCompile Include="VSReflectCameraActor.cpp">
      <Filter>World\Actor</Filter>
    </ClCompile>
    <ClCompile Include="VSGShader.cpp">
      <Filter>Matreial\Shader</Filter>
    </ClCompile>
    <ClCompile Include="VSHShader.cpp">
      <Filter>Matreial\Shader</Filter>
    </ClCompile>
    <ClCompile Include="VSDShader.cpp">
      <Filter>Matreial\Shader</Filter>
    </ClCompile>
  </ItemGroup>
  <ItemGroup>
    <ClInclude Include="VS1DTexSampler.h">
      <Filter>Matreial\ShaderFunction</Filter>
    </ClInclude>
    <ClInclude Include="VS2DTexSampler.h">
      <Filter>Matreial\ShaderFunction</Filter>
    </ClInclude>
    <ClInclude Include="VSAIState.h">
      <Filter>World\AI</Filter>
    </ClInclude>
    <ClInclude Include="VSAnimTree.h">
      <Filter>Controller\AnimTree</Filter>
    </ClInclude>
    <ClInclude Include="VSAnimAtom.h">
      <Filter>Controller\AnimTree</Filter>
    </ClInclude>
    <ClInclude Include="VSAnimBaseFunction.h">
      <Filter>Controller\AnimTree</Filter>
    </ClInclude>
    <ClInclude Include="VSAnimBlendFunction.h">
      <Filter>Controller\AnimTree</Filter>
    </ClInclude>
    <ClInclude Include="VSAnimFunction.h">
      <Filter>Controller\AnimTree</Filter>
    </ClInclude>
    <ClInclude Include="VSAnimMainFunction.h">
      <Filter>Controller\AnimTree</Filter>
    </ClInclude>
    <ClInclude Include="VSAnimSequenceFunc.h">
      <Filter>Controller\AnimTree</Filter>
    </ClInclude>
    <ClInclude Include="VSAnimSet.h">
      <Filter>Controller\AnimTree</Filter>
    </ClInclude>
    <ClInclude Include="VSCameraShaderFunction.h">
      <Filter>Matreial\ShaderFunction</Filter>
    </ClInclude>
    <ClInclude Include="VSArithmeticShaderFunction.h">
      <Filter>Matreial\ShaderFunction</Filter>
    </ClInclude>
    <ClInclude Include="VSAnisotropicWardShaderFunction.h">
      <Filter>Matreial\ShaderFunction</Filter>
    </ClInclude>
    <ClInclude Include="VSActor.h">
      <Filter>World\Actor</Filter>
    </ClInclude>
    <ClInclude Include="VSBind.h">
      <Filter>Render</Filter>
    </ClInclude>
    <ClInclude Include="VSCameraActor.h">
      <Filter>World\Actor</Filter>
    </ClInclude>
    <ClInclude Include="VSASYNLoader.h">
      <Filter>Asyn</Filter>
    </ClInclude>
    <ClInclude Include="VS1stCameraController.h">
      <Filter>Controller</Filter>
    </ClInclude>
    <ClInclude Include="VSController.h">
      <Filter>Controller</Filter>
    </ClInclude>
    <ClInclude Include="VSConstValue.h">
      <Filter>Matreial\ShaderFunction</Filter>
    </ClInclude>
    <ClInclude Include="VSConstFloatValue.h">
      <Filter>Matreial\ShaderFunction</Filter>
    </ClInclude>
    <ClInclude Include="VSCookTorranceShaderFunction.h">
      <Filter>Matreial\ShaderFunction</Filter>
    </ClInclude>
    <ClInclude Include="VSCustomShaderFunction.h">
      <Filter>Matreial\ShaderFunction</Filter>
    </ClInclude>
    <ClInclude Include="VSDebugDraw.h">
      <Filter>Render</Filter>
    </ClInclude>
    <ClInclude Include="VSCustomArchiveObject.h">
      <Filter>Core\Stream</Filter>
    </ClInclude>
    <ClInclude Include="VSEngineThread.h">
      <Filter>Asyn</Filter>
    </ClInclude>
    <ClInclude Include="VSEnumTrans.h">
      <Filter>Core\Stream</Filter>
    </ClInclude>
    <ClInclude Include="VSEditorProperty.h">
      <Filter>Core\Stream</Filter>
    </ClInclude>
    <ClInclude Include="VSFreeCameraController.h">
      <Filter>Controller</Filter>
    </ClInclude>
    <ClInclude Include="VSGeometryNode.h">
      <Filter>Node</Filter>
    </ClInclude>
    <ClInclude Include="VSGeometry.h">
      <Filter>Node</Filter>
    </ClInclude>
    <ClInclude Include="VSIsotropicWardShaderFunction.h">
      <Filter>Matreial\ShaderFunction</Filter>
    </ClInclude>
    <ClInclude Include="VSLightActor.h">
      <Filter>World\Actor</Filter>
    </ClInclude>
    <ClInclude Include="VSLightShaderFunction.h">
      <Filter>Matreial\ShaderFunction</Filter>
    </ClInclude>
    <ClInclude Include="VSLightFunPass.h">
      <Filter>Pass</Filter>
    </ClInclude>
    <ClInclude Include="VSIndirectRenderPass.h">
      <Filter>Pass</Filter>
    </ClInclude>
    <ClInclude Include="VSMeshNode.h">
      <Filter>Node</Filter>
    </ClInclude>
    <ClInclude Include="VSMinnaertShaderFunction.h">
      <Filter>Matreial\ShaderFunction</Filter>
    </ClInclude>
    <ClInclude Include="VSMaterialPass.h">
      <Filter>Pass</Filter>
    </ClInclude>
    <ClInclude Include="VSMorphBaseFunction.h">
      <Filter>Controller\Morph</Filter>
    </ClInclude>
    <ClInclude Include="VSMorphFunction.h">
      <Filter>Controller\Morph</Filter>
    </ClInclude>
    <ClInclude Include="VSMorphMainFunction.h">
      <Filter>Controller\Morph</Filter>
    </ClInclude>
    <ClInclude Include="VSMorphSequenceFunc.h">
      <Filter>Controller\Morph</Filter>
    </ClInclude>
    <ClInclude Include="VSMorphSet.h">
      <Filter>Controller\Morph</Filter>
    </ClInclude>
    <ClInclude Include="VSMorphTree.h">
      <Filter>Controller\Morph</Filter>
    </ClInclude>
    <ClInclude Include="VSNormalDepthPass.h">
      <Filter>Pass</Filter>
    </ClInclude>
    <ClInclude Include="VSMonitor.h">
      <Filter>Asyn</Filter>
    </ClInclude>
    <ClInclude Include="VSName.h">
      <Filter>Core</Filter>
    </ClInclude>
    <ClInclude Include="VSNode.h">
      <Filter>Node</Filter>
    </ClInclude>
    <ClInclude Include="VSNormalFunction.h">
      <Filter>Matreial\ShaderFunction</Filter>
    </ClInclude>
    <ClInclude Include="VSOrenNayarShaderFunction.h">
      <Filter>Matreial\ShaderFunction</Filter>
    </ClInclude>
    <ClInclude Include="VSPartialAnimBlend.h">
      <Filter>Controller\AnimTree</Filter>
    </ClInclude>
    <ClInclude Include="VSOneParamAnimBlend.h">
      <Filter>Controller\AnimTree</Filter>
    </ClInclude>
    <ClInclude Include="VSPEBlur.h">
      <Filter>PostEffect</Filter>
    </ClInclude>
    <ClInclude Include="VSPEEndFunction.h">
      <Filter>PostEffect</Filter>
    </ClInclude>
    <ClInclude Include="VSPEBeginFunction.h">
      <Filter>PostEffect</Filter>
    </ClInclude>
    <ClInclude Include="VSObject.h">
      <Filter>Core</Filter>
    </ClInclude>
    <ClInclude Include="VSMain.h">
      <Filter>Core</Filter>
    </ClInclude>
    <ClInclude Include="VSGraphic.h">
      <Filter>Core</Filter>
    </ClInclude>
    <ClInclude Include="VSGraphicInclude.h">
      <Filter>Core</Filter>
    </ClInclude>
    <ClInclude Include="VSPEGray.h">
      <Filter>PostEffect</Filter>
    </ClInclude>
    <ClInclude Include="VSPEMaterial.h">
      <Filter>PostEffect</Filter>
    </ClInclude>
    <ClInclude Include="VSPass.h">
      <Filter>Pass</Filter>
    </ClInclude>
    <ClInclude Include="VSPointer.h">
      <Filter>Core</Filter>
    </ClInclude>
    <ClInclude Include="VSPhoneShaderFunction.h">
      <Filter>Matreial\ShaderFunction</Filter>
    </ClInclude>
    <ClInclude Include="VSPosShaderFunction.h">
      <Filter>Matreial\ShaderFunction</Filter>
    </ClInclude>
    <ClInclude Include="VSPostEffectFunction.h">
      <Filter>PostEffect</Filter>
    </ClInclude>
    <ClInclude Include="VSPostEffectSet.h">
      <Filter>PostEffect</Filter>
    </ClInclude>
    <ClInclude Include="VSPrezPass.h">
      <Filter>Pass</Filter>
    </ClInclude>
    <ClInclude Include="VSPutNode.h">
      <Filter>Core</Filter>
    </ClInclude>
    <ClInclude Include="VSRenderer.h">
      <Filter>Render</Filter>
    </ClInclude>
    <ClInclude Include="VSResource.h">
      <Filter>Core</Filter>
    </ClInclude>
    <ClInclude Include="VSReference.h">
      <Filter>Core</Filter>
    </ClInclude>
    <ClInclude Include="VSPriority.h">
      <Filter>Core</Filter>
    </ClInclude>
    <ClInclude Include="VSProperty.h">
      <Filter>Core\Stream</Filter>
    </ClInclude>
    <ClInclude Include="VSRtti.h">
      <Filter>Core</Filter>
    </ClInclude>
    <ClInclude Include="VSRectAnimBlend.h">
      <Filter>Controller\AnimTree</Filter>
    </ClInclude>
    <ClInclude Include="VSLogic.h">
      <Filter>World\AI</Filter>
    </ClInclude>
    <ClInclude Include="VSRenderThread.h">
      <Filter>Asyn</Filter>
    </ClInclude>
    <ClInclude Include="VSShaderFunction.h">
      <Filter>Matreial\ShaderFunction</Filter>
    </ClInclude>
    <ClInclude Include="VSSchlickShaderFunction.h">
      <Filter>Matreial\ShaderFunction</Filter>
    </ClInclude>
    <ClInclude Include="VSShirleyShaderFunction.h">
      <Filter>Matreial\ShaderFunction</Filter>
    </ClInclude>
    <ClInclude Include="VSShadowPass.h">
      <Filter>Pass</Filter>
    </ClInclude>
    <ClInclude Include="VSResourceManager.h">
      <Filter>Core</Filter>
    </ClInclude>
    <ClInclude Include="VSNVCompression.h">
      <Filter>Core</Filter>
    </ClInclude>
    <ClInclude Include="VSShaderMainFunction.h">
      <Filter>Matreial\ShaderFunction</Filter>
    </ClInclude>
    <ClInclude Include="VSMaterial.h">
      <Filter>Matreial</Filter>
    </ClInclude>
    <ClInclude Include="VSShaderStringFactory.h">
      <Filter>Matreial</Filter>
    </ClInclude>
    <ClInclude Include="VSStaticActor.h">
      <Filter>World\Actor</Filter>
    </ClInclude>
    <ClInclude Include="VSSwitchNode.h">
      <Filter>Node</Filter>
    </ClInclude>
    <ClInclude Include="VSTexSampler.h">
      <Filter>Matreial\ShaderFunction</Filter>
    </ClInclude>
    <ClInclude Include="VSTransform.h">
      <Filter>Core</Filter>
    </ClInclude>
    <ClInclude Include="VSStraussShaderFunction.h">
      <Filter>Matreial\ShaderFunction</Filter>
    </ClInclude>
    <ClInclude Include="VSStream.h">
      <Filter>Core\Stream</Filter>
    </ClInclude>
    <ClInclude Include="VSTerrainActor.h">
      <Filter>World\Actor</Filter>
    </ClInclude>
    <ClInclude Include="VSTimeEvent.h">
      <Filter>Controller\AnimTree</Filter>
    </ClInclude>
    <ClInclude Include="VSSteer.h">
      <Filter>World\AI</Filter>
    </ClInclude>
    <ClInclude Include="VSType.h">
      <Filter>Core</Filter>
    </ClInclude>
    <ClInclude Include="VSVertexColor.h">
      <Filter>Matreial\ShaderFunction</Filter>
    </ClInclude>
    <ClInclude Include="VSUpdateThread.h">
      <Filter>Asyn</Filter>
    </ClInclude>
    <ClInclude Include="VSTwoParamAnimBlend.h">
      <Filter>Controller\AnimTree</Filter>
    </ClInclude>
    <ClInclude Include="VSVariant.h">
      <Filter>Core</Filter>
    </ClInclude>
    <ClInclude Include="VSWorld.h">
      <Filter>World</Filter>
    </ClInclude>
    <ClInclude Include="VS3DTexture.h">
      <Filter>Render\Texture</Filter>
    </ClInclude>
    <ClInclude Include="VS1DTexture.h">
      <Filter>Render\Texture</Filter>
    </ClInclude>
    <ClInclude Include="VS2DTexture.h">
      <Filter>Render\Texture</Filter>
    </ClInclude>
    <ClInclude Include="VSCubeTexture.h">
      <Filter>Render\Texture</Filter>
    </ClInclude>
    <ClInclude Include="VSLight.h">
      <Filter>Node\NodeComponent\Light</Filter>
    </ClInclude>
    <ClInclude Include="VSPointLight.h">
      <Filter>Node\NodeComponent\Light</Filter>
    </ClInclude>
    <ClInclude Include="VSDirectionLight.h">
      <Filter>Node\NodeComponent\Light</Filter>
    </ClInclude>
    <ClInclude Include="VSDepthStencilState.h">
      <Filter>Render\RenderState</Filter>
    </ClInclude>
    <ClInclude Include="VSBlendState.h">
      <Filter>Render\RenderState</Filter>
    </ClInclude>
    <ClInclude Include="VSRasterizerState.h">
      <Filter>Render\RenderState</Filter>
    </ClInclude>
    <ClInclude Include="VSRenderState.h">
      <Filter>Render\RenderState</Filter>
    </ClInclude>
    <ClInclude Include="VSSamplerState.h">
      <Filter>Render\RenderState</Filter>
    </ClInclude>
    <ClInclude Include="VSSkyLight.h">
      <Filter>Node\NodeComponent\Light</Filter>
    </ClInclude>
    <ClInclude Include="VSSpotLight.h">
      <Filter>Node\NodeComponent\Light</Filter>
    </ClInclude>
    <ClInclude Include="VSTexAllState.h">
      <Filter>Render\Texture</Filter>
    </ClInclude>
    <ClInclude Include="VSTexture.h">
      <Filter>Render\Texture</Filter>
    </ClInclude>
    <ClInclude Include="VSVertexFormat.h">
      <Filter>Render\Vertex&amp;&amp;Index</Filter>
    </ClInclude>
    <ClInclude Include="VSVertexBuffer.h">
      <Filter>Render\Vertex&amp;&amp;Index</Filter>
    </ClInclude>
    <ClInclude Include="VSIndexBuffer.h">
      <Filter>Render\Vertex&amp;&amp;Index</Filter>
    </ClInclude>
    <ClInclude Include="VSCaptureTexAllState.h">
      <Filter>Render\Texture</Filter>
    </ClInclude>
    <ClInclude Include="VSDataBuffer.h">
      <Filter>Render\Vertex&amp;&amp;Index</Filter>
    </ClInclude>
    <ClInclude Include="VSShader.h">
      <Filter>Matreial\Shader</Filter>
    </ClInclude>
    <ClInclude Include="VSShaderKey.h">
      <Filter>Matreial\Shader</Filter>
    </ClInclude>
    <ClInclude Include="VSShaderMap.h">
      <Filter>Matreial\Shader</Filter>
    </ClInclude>
    <ClInclude Include="VSVShader.h">
      <Filter>Matreial\Shader</Filter>
    </ClInclude>
    <ClInclude Include="VSUserSampler.h">
      <Filter>Matreial\Shader</Filter>
    </ClInclude>
    <ClInclude Include="VSUserConstant.h">
      <Filter>Matreial\Shader</Filter>
    </ClInclude>
    <ClInclude Include="VSPShader.h">
      <Filter>Matreial\Shader</Filter>
    </ClInclude>
    <ClInclude Include="VSRenderTarget.h">
      <Filter>Render\RenderTarget</Filter>
    </ClInclude>
    <ClInclude Include="VSDepthStencil.h">
      <Filter>Render\RenderTarget</Filter>
    </ClInclude>
    <ClInclude Include="VSSceneMap.h">
      <Filter>World</Filter>
    </ClInclude>
    <ClInclude Include="VSSortLight.h">
      <Filter>Matreial</Filter>
    </ClInclude>
    <ClInclude Include="VSCuller.h">
      <Filter>Render\SceneManager</Filter>
    </ClInclude>
    <ClInclude Include="VSScene.h">
      <Filter>Render\SceneManager</Filter>
    </ClInclude>
    <ClInclude Include="VSSceneManager.h">
      <Filter>Render\SceneManager</Filter>
    </ClInclude>
    <ClInclude Include="VSSpatial.h">
      <Filter>Render\SceneManager</Filter>
    </ClInclude>
    <ClInclude Include="VSViewFamily.h">
      <Filter>Render\SceneManager</Filter>
    </ClInclude>
    <ClInclude Include="VSSceneRender.h">
      <Filter>Render\SceneManager</Filter>
    </ClInclude>
    <ClInclude Include="VSFont.h">
      <Filter>Render</Filter>
    </ClInclude>
    <ClInclude Include="VSCLodTerrainGeometry.h">
      <Filter>Node\Terrain</Filter>
    </ClInclude>
    <ClInclude Include="VSCLodTerrainNode.h">
      <Filter>Node\Terrain</Filter>
    </ClInclude>
    <ClInclude Include="VSDLodTerrainGeometry.h">
      <Filter>Node\Terrain</Filter>
    </ClInclude>
    <ClInclude Include="VSDLodTerrainNode.h">
      <Filter>Node\Terrain</Filter>
    </ClInclude>
    <ClInclude Include="VSDLodTerrainSwitchNode.h">
      <Filter>Node\Terrain</Filter>
    </ClInclude>
    <ClInclude Include="VSMeshDate.h">
      <Filter>Node\Mesh</Filter>
    </ClInclude>
    <ClInclude Include="VSLineSet.h">
      <Filter>Node\Mesh</Filter>
    </ClInclude>
    <ClInclude Include="VSCreateClodFactory.h">
      <Filter>Node\Mesh</Filter>
    </ClInclude>
    <ClInclude Include="VSCollapseRecord.h">
      <Filter>Node\Mesh</Filter>
    </ClInclude>
    <ClInclude Include="VSQuadTerrainGeometry.h">
      <Filter>Node\Terrain</Filter>
    </ClInclude>
    <ClInclude Include="VSRoamTerrainGemotry.h">
      <Filter>Node\Terrain</Filter>
    </ClInclude>
    <ClInclude Include="VSPointSet.h">
      <Filter>Node\Mesh</Filter>
    </ClInclude>
    <ClInclude Include="VSOrdinaryTriangleSet.h">
      <Filter>Node\Mesh</Filter>
    </ClInclude>
    <ClInclude Include="VSOrdinaryLineSet.h">
      <Filter>Node\Mesh</Filter>
    </ClInclude>
    <ClInclude Include="VSTriangleSet.h">
      <Filter>Node\Mesh</Filter>
    </ClInclude>
    <ClInclude Include="VSSkelectonActor.h">
      <Filter>World\Actor</Filter>
    </ClInclude>
    <ClInclude Include="VSTerrainNode.h">
      <Filter>Node\Terrain</Filter>
    </ClInclude>
    <ClInclude Include="VSBoneNode.h">
      <Filter>Node\Model</Filter>
    </ClInclude>
    <ClInclude Include="VSStaticMeshNode.h">
      <Filter>Node\Model</Filter>
    </ClInclude>
    <ClInclude Include="VSSkelectonMeshNode.h">
      <Filter>Node\Model</Filter>
    </ClInclude>
    <ClInclude Include="VSSkelecton.h">
      <Filter>Node\Model</Filter>
    </ClInclude>
    <ClInclude Include="VSModelSwitchNode.h">
      <Filter>Node\Model</Filter>
    </ClInclude>
    <ClInclude Include="VSModelMeshNode.h">
      <Filter>Node\Model</Filter>
    </ClInclude>
    <ClInclude Include="VSDynamicBufferGeometry.h">
      <Filter>Node</Filter>
    </ClInclude>
    <ClInclude Include="VSUseBuffer.h">
      <Filter>Node</Filter>
    </ClInclude>
    <ClInclude Include="VSNodeComponent.h">
      <Filter>Node\NodeComponent</Filter>
    </ClInclude>
    <ClInclude Include="VSCamera.h">
      <Filter>Node\NodeComponent</Filter>
    </ClInclude>
    <ClInclude Include="VSMeshComponent.h">
      <Filter>Node\NodeComponent</Filter>
    </ClInclude>
    <ClInclude Include="VSStaticMeshComponent.h">
      <Filter>Node\NodeComponent</Filter>
    </ClInclude>
    <ClInclude Include="VSSkelectonMeshComponent.h">
      <Filter>Node\NodeComponent</Filter>
    </ClInclude>
    <ClInclude Include="VSProfiler.h">
      <Filter>Core</Filter>
    </ClInclude>
    <ClInclude Include="VSNullRenderer.h">
      <Filter>Render</Filter>
    </ClInclude>
    <ClInclude Include="VSOneParamImmediateAnimBlend.h">
      <Filter>Controller\AnimTree</Filter>
    </ClInclude>
    <ClInclude Include="VSOneParamSmoothAnimBlend.h">
      <Filter>Controller\AnimTree</Filter>
    </ClInclude>
    <ClInclude Include="VSOneParamSmoothAnimBlendSequence.h">
      <Filter>Controller\AnimTree</Filter>
    </ClInclude>
    <ClInclude Include="VSTwoParamAnimBlendSequence.h">
      <Filter>Controller\AnimTree</Filter>
    </ClInclude>
    <ClInclude Include="VSSocketNode.h">
      <Filter>Node</Filter>
    </ClInclude>
    <ClInclude Include="VSOneParamMorphBlend.h">
      <Filter>Controller\Morph</Filter>
    </ClInclude>
    <ClInclude Include="VSMorphBlendFunction.h">
      <Filter>Controller\Morph</Filter>
    </ClInclude>
    <ClInclude Include="VSOneParamSmoothMorphBlend.h">
      <Filter>Controller\Morph</Filter>
    </ClInclude>
    <ClInclude Include="VSAdditiveBlend.h">
      <Filter>Controller\AnimTree</Filter>
    </ClInclude>
    <ClInclude Include="VSPostEffectShaderFunction.h">
      <Filter>Matreial\ShaderFunction</Filter>
    </ClInclude>
    <ClInclude Include="VSPostEffectPass.h">
      <Filter>Pass</Filter>
    </ClInclude>
    <ClInclude Include="VSColorBuffer.h">
      <Filter>Matreial\ShaderFunction</Filter>
    </ClInclude>
    <ClInclude Include="VSTexCoord.h">
      <Filter>Matreial\ShaderFunction</Filter>
    </ClInclude>
    <ClInclude Include="VSReflectCameraActor.h">
      <Filter>World\Actor</Filter>
    </ClInclude>
    <ClInclude Include="VSGShader.h">
      <Filter>Matreial\Shader</Filter>
    </ClInclude>
    <ClInclude Include="VSHShader.h">
      <Filter>Matreial\Shader</Filter>
    </ClInclude>
    <ClInclude Include="VSDShader.h">
      <Filter>Matreial\Shader</Filter>
    </ClInclude>
  </ItemGroup>
  <ItemGroup>
    <None Include="VSController.inl">
      <Filter>Controller</Filter>
    </None>
    <None Include="VSNode.inl">
      <Filter>Node</Filter>
    </None>
    <None Include="VSPointer.inl">
      <Filter>Core</Filter>
    </None>
    <None Include="VSRenderer.inl">
      <Filter>Render</Filter>
    </None>
    <None Include="VSPriority.marc">
      <Filter>Core</Filter>
    </None>
    <None Include="VSProperty.marc">
      <Filter>Core\Stream</Filter>
    </None>
    <None Include="VSRtti.marc">
      <Filter>Core</Filter>
    </None>
    <None Include="VSRtti.inl">
      <Filter>Core</Filter>
    </None>
    <None Include="VSInitial.marc">
      <Filter>Core</Filter>
    </None>
    <None Include="VSTransform.inl">
      <Filter>Core</Filter>
    </None>
    <None Include="VSTexture.inl">
      <Filter>Render\Texture</Filter>
    </None>
    <None Include="VSVertexBuffer.inl">
      <Filter>Render\Vertex&amp;&amp;Index</Filter>
    </None>
    <None Include="VSUserConstant.inl">
      <Filter>Matreial\Shader</Filter>
    </None>
    <None Include="VSCuller.inl">
      <Filter>Render\SceneManager</Filter>
    </None>
    <None Include="VSMeshDate.inl">
      <Filter>Node\Mesh</Filter>
    </None>
    <None Include="VSCamera.inl">
      <Filter>Node\NodeComponent</Filter>
    </None>
  </ItemGroup>
  <ItemGroup>
    <Filter Include="Node">
      <UniqueIdentifier>{ad5d57dc-5e89-4371-a54d-e0b24ee837be}</UniqueIdentifier>
    </Filter>
    <Filter Include="Core">
      <UniqueIdentifier>{77325d40-3025-41a5-959e-e293700f8969}</UniqueIdentifier>
    </Filter>
    <Filter Include="Asyn">
      <UniqueIdentifier>{06eb9c41-afdb-486b-99d9-ba797671af3c}</UniqueIdentifier>
    </Filter>
    <Filter Include="Controller">
      <UniqueIdentifier>{aa4a7d9d-a45a-434f-8311-f53847772941}</UniqueIdentifier>
    </Filter>
    <Filter Include="PostEffect">
      <UniqueIdentifier>{dcf7cff6-fe0f-40f4-8114-58ed345ebf73}</UniqueIdentifier>
    </Filter>
    <Filter Include="Pass">
      <UniqueIdentifier>{ad85a59e-ff61-4503-af6c-83391b51842a}</UniqueIdentifier>
    </Filter>
    <Filter Include="Matreial">
      <UniqueIdentifier>{1a3a5d92-18cd-447d-bf6b-e9beef3a53f6}</UniqueIdentifier>
    </Filter>
    <Filter Include="Render">
      <UniqueIdentifier>{a40751c3-264c-4067-baca-98fa5170b837}</UniqueIdentifier>
    </Filter>
    <Filter Include="Controller\AnimTree">
      <UniqueIdentifier>{5532c4c8-ea72-4abf-a6eb-0374f72335d1}</UniqueIdentifier>
    </Filter>
    <Filter Include="Controller\Morph">
      <UniqueIdentifier>{9bc52dd9-0822-4947-898e-cb3e98254743}</UniqueIdentifier>
    </Filter>
    <Filter Include="World">
      <UniqueIdentifier>{1b4c1517-ea19-4b68-94ba-b114242f5fd2}</UniqueIdentifier>
    </Filter>
    <Filter Include="World\AI">
      <UniqueIdentifier>{6034fa01-b879-48d7-a82d-fac3237e7e94}</UniqueIdentifier>
    </Filter>
    <Filter Include="World\Actor">
      <UniqueIdentifier>{a0a30dc9-986b-4d8d-a213-6507273c3ac0}</UniqueIdentifier>
    </Filter>
    <Filter Include="Matreial\ShaderFunction">
      <UniqueIdentifier>{6680d8e0-9d85-40c0-b960-33d2437e9552}</UniqueIdentifier>
    </Filter>
    <Filter Include="Render\Texture">
      <UniqueIdentifier>{27552c19-2b28-4bdb-b076-561772259b01}</UniqueIdentifier>
    </Filter>
    <Filter Include="Render\RenderState">
      <UniqueIdentifier>{31d639f4-2a64-434a-bb74-128a280ae47f}</UniqueIdentifier>
    </Filter>
    <Filter Include="Render\Vertex&amp;&amp;Index">
      <UniqueIdentifier>{e3ee8dc9-acba-41ce-b8fd-bd847e28d0e7}</UniqueIdentifier>
    </Filter>
    <Filter Include="Render\RenderTarget">
      <UniqueIdentifier>{bd6d752d-f125-441b-80a4-161cc36a4163}</UniqueIdentifier>
    </Filter>
    <Filter Include="Matreial\Shader">
      <UniqueIdentifier>{5fbdc9ab-79ec-42d0-8c70-e1566ca9dbad}</UniqueIdentifier>
    </Filter>
    <Filter Include="Render\SceneManager">
      <UniqueIdentifier>{2e007d63-249d-40fa-a7d8-f205d9e7c451}</UniqueIdentifier>
    </Filter>
    <Filter Include="Core\Stream">
      <UniqueIdentifier>{7b6cb9cb-5206-4c0d-b4ab-194d9e5d97ad}</UniqueIdentifier>
    </Filter>
    <Filter Include="Node\Terrain">
      <UniqueIdentifier>{8a9d97d1-909b-4b9b-8aa5-797b357bdd7d}</UniqueIdentifier>
    </Filter>
    <Filter Include="Node\Mesh">
      <UniqueIdentifier>{37ff0324-e8a9-4322-a3ef-2e2c6a5ed5f3}</UniqueIdentifier>
    </Filter>
    <Filter Include="Node\Model">
      <UniqueIdentifier>{311c20b0-9b21-4b3c-bca0-a989aabbac3d}</UniqueIdentifier>
    </Filter>
    <Filter Include="Node\NodeComponent">
      <UniqueIdentifier>{00b904b3-fe83-4a83-8aff-bf2a23c7ece9}</UniqueIdentifier>
    </Filter>
    <Filter Include="Node\NodeComponent\Light">
      <UniqueIdentifier>{01175394-056f-4811-ac7b-064210178238}</UniqueIdentifier>
    </Filter>
  </ItemGroup>
</Project>